// !$*UTF8*$!
{
	archiveVersion = 1;
	classes = {
	};
	objectVersion = 77;
	objects = {

/* Begin PBXBuildFile section */
		C85F82C02D961BD2008583F3 /* AuthSettings.swift in Sources */ = {isa = PBXBuildFile; fileRef = C85F82BF2D961BC3008583F3 /* AuthSettings.swift */; };
		C8BB14262D95D46500E3D1AF /* auraApp.swift in Sources */ = {isa = PBXBuildFile; fileRef = C8BB14222D95D46500E3D1AF /* auraApp.swift */; };
		C8BB14272D95D46500E3D1AF /* AuthViewModel.swift in Sources */ = {isa = PBXBuildFile; fileRef = C8BB14232D95D46500E3D1AF /* AuthViewModel.swift */; };
		C8BB14282D95D46500E3D1AF /* RootView.swift in Sources */ = {isa = PBXBuildFile; fileRef = C8BB14252D95D46500E3D1AF /* RootView.swift */; };
		C8BB14422D95DE7000E3D1AF /* MainView.swift in Sources */ = {isa = PBXBuildFile; fileRef = C8BB14412D95DE6600E3D1AF /* MainView.swift */; };
		C8BB14442D95DE9200E3D1AF /* SignInView.swift in Sources */ = {isa = PBXBuildFile; fileRef = C8BB14432D95DE8600E3D1AF /* SignInView.swift */; };
		C8BB14462D95DEA400E3D1AF /* SignUpView.swift in Sources */ = {isa = PBXBuildFile; fileRef = C8BB14452D95DE9900E3D1AF /* SignUpView.swift */; };
		C8BB14482D95DEB600E3D1AF /* ForgotPasswordView.swift in Sources */ = {isa = PBXBuildFile; fileRef = C8BB14472D95DEB300E3D1AF /* ForgotPasswordView.swift */; };
		C8DFCCB92D95D25A00F5D20C /* FirebaseAnalytics in Frameworks */ = {isa = PBXBuildFile; productRef = C8DFCCB82D95D25A00F5D20C /* FirebaseAnalytics */; };
		C8DFCCBB2D95D25A00F5D20C /* FirebaseAnalyticsOnDeviceConversion in Frameworks */ = {isa = PBXBuildFile; productRef = C8DFCCBA2D95D25A00F5D20C /* FirebaseAnalyticsOnDeviceConversion */; };
		C8DFCCBD2D95D25A00F5D20C /* FirebaseAnalyticsWithoutAdIdSupport in Frameworks */ = {isa = PBXBuildFile; productRef = C8DFCCBC2D95D25A00F5D20C /* FirebaseAnalyticsWithoutAdIdSupport */; };
		C8DFCCBF2D95D25A00F5D20C /* FirebaseAppCheck in Frameworks */ = {isa = PBXBuildFile; productRef = C8DFCCBE2D95D25A00F5D20C /* FirebaseAppCheck */; };
		C8DFCCC12D95D25A00F5D20C /* FirebaseAppDistribution-Beta in Frameworks */ = {isa = PBXBuildFile; productRef = C8DFCCC02D95D25A00F5D20C /* FirebaseAppDistribution-Beta */; };
		C8DFCCC32D95D25A00F5D20C /* FirebaseAuth in Frameworks */ = {isa = PBXBuildFile; productRef = C8DFCCC22D95D25A00F5D20C /* FirebaseAuth */; };
		C8DFCCC52D95D25A00F5D20C /* FirebaseAuthCombine-Community in Frameworks */ = {isa = PBXBuildFile; productRef = C8DFCCC42D95D25A00F5D20C /* FirebaseAuthCombine-Community */; };
		C8DFCCC72D95D25A00F5D20C /* FirebaseCore in Frameworks */ = {isa = PBXBuildFile; productRef = C8DFCCC62D95D25A00F5D20C /* FirebaseCore */; };
		C8DFCCC92D95D25A00F5D20C /* FirebaseCrashlytics in Frameworks */ = {isa = PBXBuildFile; productRef = C8DFCCC82D95D25A00F5D20C /* FirebaseCrashlytics */; };
		C8DFCCCB2D95D25A00F5D20C /* FirebaseDatabase in Frameworks */ = {isa = PBXBuildFile; productRef = C8DFCCCA2D95D25A00F5D20C /* FirebaseDatabase */; };
		C8DFCCCD2D95D25A00F5D20C /* FirebaseDynamicLinks in Frameworks */ = {isa = PBXBuildFile; productRef = C8DFCCCC2D95D25A00F5D20C /* FirebaseDynamicLinks */; };
		C8DFCCCF2D95D25A00F5D20C /* FirebaseFirestore in Frameworks */ = {isa = PBXBuildFile; productRef = C8DFCCCE2D95D25A00F5D20C /* FirebaseFirestore */; };
		C8DFCCD12D95D25A00F5D20C /* FirebaseFirestoreCombine-Community in Frameworks */ = {isa = PBXBuildFile; productRef = C8DFCCD02D95D25A00F5D20C /* FirebaseFirestoreCombine-Community */; };
		C8DFCCD32D95D25A00F5D20C /* FirebaseFunctions in Frameworks */ = {isa = PBXBuildFile; productRef = C8DFCCD22D95D25A00F5D20C /* FirebaseFunctions */; };
		C8DFCCD52D95D25A00F5D20C /* FirebaseFunctionsCombine-Community in Frameworks */ = {isa = PBXBuildFile; productRef = C8DFCCD42D95D25A00F5D20C /* FirebaseFunctionsCombine-Community */; };
		C8DFCCD72D95D25A00F5D20C /* FirebaseInAppMessaging-Beta in Frameworks */ = {isa = PBXBuildFile; productRef = C8DFCCD62D95D25A00F5D20C /* FirebaseInAppMessaging-Beta */; };
		C8DFCCD92D95D25A00F5D20C /* FirebaseInstallations in Frameworks */ = {isa = PBXBuildFile; productRef = C8DFCCD82D95D25A00F5D20C /* FirebaseInstallations */; };
		C8DFCCDB2D95D25A00F5D20C /* FirebaseMLModelDownloader in Frameworks */ = {isa = PBXBuildFile; productRef = C8DFCCDA2D95D25A00F5D20C /* FirebaseMLModelDownloader */; };
		C8DFCCDD2D95D25A00F5D20C /* FirebaseMessaging in Frameworks */ = {isa = PBXBuildFile; productRef = C8DFCCDC2D95D25A00F5D20C /* FirebaseMessaging */; };
		C8DFCCDF2D95D25A00F5D20C /* FirebasePerformance in Frameworks */ = {isa = PBXBuildFile; productRef = C8DFCCDE2D95D25A00F5D20C /* FirebasePerformance */; };
		C8DFCCE12D95D25A00F5D20C /* FirebaseRemoteConfig in Frameworks */ = {isa = PBXBuildFile; productRef = C8DFCCE02D95D25A00F5D20C /* FirebaseRemoteConfig */; };
		C8DFCCE32D95D25A00F5D20C /* FirebaseStorage in Frameworks */ = {isa = PBXBuildFile; productRef = C8DFCCE22D95D25A00F5D20C /* FirebaseStorage */; };
		C8DFCCE52D95D25A00F5D20C /* FirebaseStorageCombine-Community in Frameworks */ = {isa = PBXBuildFile; productRef = C8DFCCE42D95D25A00F5D20C /* FirebaseStorageCombine-Community */; };
		C8DFCCE72D95D25A00F5D20C /* FirebaseVertexAI in Frameworks */ = {isa = PBXBuildFile; productRef = C8DFCCE62D95D25A00F5D20C /* FirebaseVertexAI */; };
/* End PBXBuildFile section */

/* Begin PBXContainerItemProxy section */
		C82400B32D95C936004AE981 /* PBXContainerItemProxy */ = {
			isa = PBXContainerItemProxy;
			containerPortal = C82400982D95C935004AE981 /* Project object */;
			proxyType = 1;
			remoteGlobalIDString = C824009F2D95C935004AE981;
			remoteInfo = aura;
		};
		C82400BD2D95C936004AE981 /* PBXContainerItemProxy */ = {
			isa = PBXContainerItemProxy;
			containerPortal = C82400982D95C935004AE981 /* Project object */;
			proxyType = 1;
			remoteGlobalIDString = C824009F2D95C935004AE981;
			remoteInfo = aura;
		};
/* End PBXContainerItemProxy section */

/* Begin PBXFileReference section */
		C82400A02D95C935004AE981 /* aura.app */ = {isa = PBXFileReference; explicitFileType = wrapper.application; includeInIndex = 0; path = aura.app; sourceTree = BUILT_PRODUCTS_DIR; };
		C82400B22D95C936004AE981 /* auraTests.xctest */ = {isa = PBXFileReference; explicitFileType = wrapper.cfbundle; includeInIndex = 0; path = auraTests.xctest; sourceTree = BUILT_PRODUCTS_DIR; };
		C82400BC2D95C936004AE981 /* auraUITests.xctest */ = {isa = PBXFileReference; explicitFileType = wrapper.cfbundle; includeInIndex = 0; path = auraUITests.xctest; sourceTree = BUILT_PRODUCTS_DIR; };
		C85F82BF2D961BC3008583F3 /* AuthSettings.swift */ = {isa = PBXFileReference; lastKnownFileType = sourcecode.swift; path = AuthSettings.swift; sourceTree = "<group>"; };
		C8BB14222D95D46500E3D1AF /* auraApp.swift */ = {isa = PBXFileReference; lastKnownFileType = sourcecode.swift; path = auraApp.swift; sourceTree = "<group>"; };
		C8BB14232D95D46500E3D1AF /* AuthViewModel.swift */ = {isa = PBXFileReference; lastKnownFileType = sourcecode.swift; path = AuthViewModel.swift; sourceTree = "<group>"; };
		C8BB14252D95D46500E3D1AF /* RootView.swift */ = {isa = PBXFileReference; lastKnownFileType = sourcecode.swift; path = RootView.swift; sourceTree = "<group>"; };
		C8BB14412D95DE6600E3D1AF /* MainView.swift */ = {isa = PBXFileReference; lastKnownFileType = sourcecode.swift; path = MainView.swift; sourceTree = "<group>"; };
		C8BB14432D95DE8600E3D1AF /* SignInView.swift */ = {isa = PBXFileReference; lastKnownFileType = sourcecode.swift; path = SignInView.swift; sourceTree = "<group>"; };
		C8BB14452D95DE9900E3D1AF /* SignUpView.swift */ = {isa = PBXFileReference; lastKnownFileType = sourcecode.swift; path = SignUpView.swift; sourceTree = "<group>"; };
		C8BB14472D95DEB300E3D1AF /* ForgotPasswordView.swift */ = {isa = PBXFileReference; lastKnownFileType = sourcecode.swift; path = ForgotPasswordView.swift; sourceTree = "<group>"; };
		C8BB14C02D95E3B200E3D1AF /* UserProfile.swift */ = {isa = PBXFileReference; lastKnownFileType = sourcecode.swift; path = UserProfile.swift; sourceTree = "<group>"; };
/* End PBXFileReference section */

/* Begin PBXFileSystemSynchronizedRootGroup section */
		C82400A22D95C935004AE981 /* aura */ = {
			isa = PBXFileSystemSynchronizedRootGroup;
			path = aura;
			sourceTree = "<group>";
		};
		C82400B52D95C936004AE981 /* auraTests */ = {
			isa = PBXFileSystemSynchronizedRootGroup;
			path = auraTests;
			sourceTree = "<group>";
		};
		C82400BF2D95C936004AE981 /* auraUITests */ = {
			isa = PBXFileSystemSynchronizedRootGroup;
			path = auraUITests;
			sourceTree = "<group>";
		};
/* End PBXFileSystemSynchronizedRootGroup section */

/* Begin PBXFrameworksBuildPhase section */
		C824009D2D95C935004AE981 /* Frameworks */ = {
			isa = PBXFrameworksBuildPhase;
			buildActionMask = 2147483647;
			files = (
				C8DFCCD12D95D25A00F5D20C /* FirebaseFirestoreCombine-Community in Frameworks */,
				C8DFCCE72D95D25A00F5D20C /* FirebaseVertexAI in Frameworks */,
				C8DFCCD32D95D25A00F5D20C /* FirebaseFunctions in Frameworks */,
				C8DFCCDF2D95D25A00F5D20C /* FirebasePerformance in Frameworks */,
				C8DFCCE52D95D25A00F5D20C /* FirebaseStorageCombine-Community in Frameworks */,
				C8DFCCE12D95D25A00F5D20C /* FirebaseRemoteConfig in Frameworks */,
				C8DFCCCB2D95D25A00F5D20C /* FirebaseDatabase in Frameworks */,
				C8DFCCCD2D95D25A00F5D20C /* FirebaseDynamicLinks in Frameworks */,
				C8DFCCBF2D95D25A00F5D20C /* FirebaseAppCheck in Frameworks */,
				C8DFCCC32D95D25A00F5D20C /* FirebaseAuth in Frameworks */,
				C8DFCCB92D95D25A00F5D20C /* FirebaseAnalytics in Frameworks */,
				C8DFCCCF2D95D25A00F5D20C /* FirebaseFirestore in Frameworks */,
				C8DFCCDD2D95D25A00F5D20C /* FirebaseMessaging in Frameworks */,
				C8DFCCD92D95D25A00F5D20C /* FirebaseInstallations in Frameworks */,
				C8DFCCD52D95D25A00F5D20C /* FirebaseFunctionsCombine-Community in Frameworks */,
				C8DFCCC12D95D25A00F5D20C /* FirebaseAppDistribution-Beta in Frameworks */,
				C8DFCCBD2D95D25A00F5D20C /* FirebaseAnalyticsWithoutAdIdSupport in Frameworks */,
				C8DFCCD72D95D25A00F5D20C /* FirebaseInAppMessaging-Beta in Frameworks */,
				C8DFCCC52D95D25A00F5D20C /* FirebaseAuthCombine-Community in Frameworks */,
				C8DFCCC92D95D25A00F5D20C /* FirebaseCrashlytics in Frameworks */,
				C8DFCCDB2D95D25A00F5D20C /* FirebaseMLModelDownloader in Frameworks */,
				C8DFCCE32D95D25A00F5D20C /* FirebaseStorage in Frameworks */,
				C8DFCCC72D95D25A00F5D20C /* FirebaseCore in Frameworks */,
				C8DFCCBB2D95D25A00F5D20C /* FirebaseAnalyticsOnDeviceConversion in Frameworks */,
			);
			runOnlyForDeploymentPostprocessing = 0;
		};
		C82400AF2D95C936004AE981 /* Frameworks */ = {
			isa = PBXFrameworksBuildPhase;
			buildActionMask = 2147483647;
			files = (
			);
			runOnlyForDeploymentPostprocessing = 0;
		};
		C82400B92D95C936004AE981 /* Frameworks */ = {
			isa = PBXFrameworksBuildPhase;
			buildActionMask = 2147483647;
			files = (
			);
			runOnlyForDeploymentPostprocessing = 0;
		};
/* End PBXFrameworksBuildPhase section */

/* Begin PBXGroup section */
		C82400972D95C935004AE981 = {
			isa = PBXGroup;
			children = (
				C8BB14BF2D95E39A00E3D1AF /* shared */,
				C8BB14402D95DC0300E3D1AF /* auth */,
				C8BB14322D95DABB00E3D1AF /* root */,
				C82400A22D95C935004AE981 /* aura */,
				C82400B52D95C936004AE981 /* auraTests */,
				C82400BF2D95C936004AE981 /* auraUITests */,
				C82400A12D95C935004AE981 /* Products */,
			);
			sourceTree = "<group>";
		};
		C82400A12D95C935004AE981 /* Products */ = {
			isa = PBXGroup;
			children = (
				C82400A02D95C935004AE981 /* aura.app */,
				C82400B22D95C936004AE981 /* auraTests.xctest */,
				C82400BC2D95C936004AE981 /* auraUITests.xctest */,
			);
			name = Products;
			sourceTree = "<group>";
		};
		C8BB14322D95DABB00E3D1AF /* root */ = {
			isa = PBXGroup;
			children = (
				C8BB14412D95DE6600E3D1AF /* MainView.swift */,
				C8BB14222D95D46500E3D1AF /* auraApp.swift */,
				C8BB14252D95D46500E3D1AF /* RootView.swift */,
			);
			path = root;
			sourceTree = "<group>";
		};
		C8BB14402D95DC0300E3D1AF /* auth */ = {
			isa = PBXGroup;
			children = (
				C85F82BF2D961BC3008583F3 /* AuthSettings.swift */,
				C8BB14472D95DEB300E3D1AF /* ForgotPasswordView.swift */,
				C8BB14432D95DE8600E3D1AF /* SignInView.swift */,
				C8BB14452D95DE9900E3D1AF /* SignUpView.swift */,
				C8BB14232D95D46500E3D1AF /* AuthViewModel.swift */,
			);
			path = auth;
			sourceTree = "<group>";
		};
		C8BB14BF2D95E39A00E3D1AF /* shared */ = {
			isa = PBXGroup;
			children = (
				C8BB14C02D95E3B200E3D1AF /* UserProfile.swift */,
			);
			path = shared;
			sourceTree = "<group>";
		};
/* End PBXGroup section */

/* Begin PBXNativeTarget section */
		C824009F2D95C935004AE981 /* aura */ = {
			isa = PBXNativeTarget;
			buildConfigurationList = C82400C62D95C936004AE981 /* Build configuration list for PBXNativeTarget "aura" */;
			buildPhases = (
				C824009C2D95C935004AE981 /* Sources */,
				C824009D2D95C935004AE981 /* Frameworks */,
				C824009E2D95C935004AE981 /* Resources */,
			);
			buildRules = (
			);
			dependencies = (
			);
			fileSystemSynchronizedGroups = (
				C82400A22D95C935004AE981 /* aura */,
			);
			name = aura;
			packageProductDependencies = (
				C8DFCCB82D95D25A00F5D20C /* FirebaseAnalytics */,
				C8DFCCBA2D95D25A00F5D20C /* FirebaseAnalyticsOnDeviceConversion */,
				C8DFCCBC2D95D25A00F5D20C /* FirebaseAnalyticsWithoutAdIdSupport */,
				C8DFCCBE2D95D25A00F5D20C /* FirebaseAppCheck */,
				C8DFCCC02D95D25A00F5D20C /* FirebaseAppDistribution-Beta */,
				C8DFCCC22D95D25A00F5D20C /* FirebaseAuth */,
				C8DFCCC42D95D25A00F5D20C /* FirebaseAuthCombine-Community */,
				C8DFCCC62D95D25A00F5D20C /* FirebaseCore */,
				C8DFCCC82D95D25A00F5D20C /* FirebaseCrashlytics */,
				C8DFCCCA2D95D25A00F5D20C /* FirebaseDatabase */,
				C8DFCCCC2D95D25A00F5D20C /* FirebaseDynamicLinks */,
				C8DFCCCE2D95D25A00F5D20C /* FirebaseFirestore */,
				C8DFCCD02D95D25A00F5D20C /* FirebaseFirestoreCombine-Community */,
				C8DFCCD22D95D25A00F5D20C /* FirebaseFunctions */,
				C8DFCCD42D95D25A00F5D20C /* FirebaseFunctionsCombine-Community */,
				C8DFCCD62D95D25A00F5D20C /* FirebaseInAppMessaging-Beta */,
				C8DFCCD82D95D25A00F5D20C /* FirebaseInstallations */,
				C8DFCCDA2D95D25A00F5D20C /* FirebaseMLModelDownloader */,
				C8DFCCDC2D95D25A00F5D20C /* FirebaseMessaging */,
				C8DFCCDE2D95D25A00F5D20C /* FirebasePerformance */,
				C8DFCCE02D95D25A00F5D20C /* FirebaseRemoteConfig */,
				C8DFCCE22D95D25A00F5D20C /* FirebaseStorage */,
				C8DFCCE42D95D25A00F5D20C /* FirebaseStorageCombine-Community */,
				C8DFCCE62D95D25A00F5D20C /* FirebaseVertexAI */,
			);
			productName = aura;
			productReference = C82400A02D95C935004AE981 /* aura.app */;
			productType = "com.apple.product-type.application";
		};
		C82400B12D95C936004AE981 /* auraTests */ = {
			isa = PBXNativeTarget;
			buildConfigurationList = C82400C92D95C936004AE981 /* Build configuration list for PBXNativeTarget "auraTests" */;
			buildPhases = (
				C82400AE2D95C936004AE981 /* Sources */,
				C82400AF2D95C936004AE981 /* Frameworks */,
				C82400B02D95C936004AE981 /* Resources */,
			);
			buildRules = (
			);
			dependencies = (
				C82400B42D95C936004AE981 /* PBXTargetDependency */,
			);
			fileSystemSynchronizedGroups = (
				C82400B52D95C936004AE981 /* auraTests */,
			);
			name = auraTests;
			packageProductDependencies = (
			);
			productName = auraTests;
			productReference = C82400B22D95C936004AE981 /* auraTests.xctest */;
			productType = "com.apple.product-type.bundle.unit-test";
		};
		C82400BB2D95C936004AE981 /* auraUITests */ = {
			isa = PBXNativeTarget;
			buildConfigurationList = C82400CC2D95C936004AE981 /* Build configuration list for PBXNativeTarget "auraUITests" */;
			buildPhases = (
				C82400B82D95C936004AE981 /* Sources */,
				C82400B92D95C936004AE981 /* Frameworks */,
				C82400BA2D95C936004AE981 /* Resources */,
			);
			buildRules = (
			);
			dependencies = (
				C82400BE2D95C936004AE981 /* PBXTargetDependency */,
			);
			fileSystemSynchronizedGroups = (
				C82400BF2D95C936004AE981 /* auraUITests */,
			);
			name = auraUITests;
			packageProductDependencies = (
			);
			productName = auraUITests;
			productReference = C82400BC2D95C936004AE981 /* auraUITests.xctest */;
			productType = "com.apple.product-type.bundle.ui-testing";
		};
/* End PBXNativeTarget section */

/* Begin PBXProject section */
		C82400982D95C935004AE981 /* Project object */ = {
			isa = PBXProject;
			attributes = {
				BuildIndependentTargetsInParallel = 1;
				LastSwiftUpdateCheck = 1620;
				LastUpgradeCheck = 1620;
				TargetAttributes = {
					C824009F2D95C935004AE981 = {
						CreatedOnToolsVersion = 16.2;
					};
					C82400B12D95C936004AE981 = {
						CreatedOnToolsVersion = 16.2;
						TestTargetID = C824009F2D95C935004AE981;
					};
					C82400BB2D95C936004AE981 = {
						CreatedOnToolsVersion = 16.2;
						TestTargetID = C824009F2D95C935004AE981;
					};
				};
			};
			buildConfigurationList = C824009B2D95C935004AE981 /* Build configuration list for PBXProject "aura" */;
			developmentRegion = en;
			hasScannedForEncodings = 0;
			knownRegions = (
				en,
				Base,
			);
			mainGroup = C82400972D95C935004AE981;
			minimizedProjectReferenceProxies = 1;
			packageReferences = (
				C8DFCCB72D95D25A00F5D20C /* XCRemoteSwiftPackageReference "firebase-ios-sdk" */,
			);
			preferredProjectObjectVersion = 77;
			productRefGroup = C82400A12D95C935004AE981 /* Products */;
			projectDirPath = "";
			projectRoot = "";
			targets = (
				C824009F2D95C935004AE981 /* aura */,
				C82400B12D95C936004AE981 /* auraTests */,
				C82400BB2D95C936004AE981 /* auraUITests */,
			);
		};
/* End PBXProject section */

/* Begin PBXResourcesBuildPhase section */
		C824009E2D95C935004AE981 /* Resources */ = {
			isa = PBXResourcesBuildPhase;
			buildActionMask = 2147483647;
			files = (
			);
			runOnlyForDeploymentPostprocessing = 0;
		};
		C82400B02D95C936004AE981 /* Resources */ = {
			isa = PBXResourcesBuildPhase;
			buildActionMask = 2147483647;
			files = (
			);
			runOnlyForDeploymentPostprocessing = 0;
		};
		C82400BA2D95C936004AE981 /* Resources */ = {
			isa = PBXResourcesBuildPhase;
			buildActionMask = 2147483647;
			files = (
			);
			runOnlyForDeploymentPostprocessing = 0;
		};
/* End PBXResourcesBuildPhase section */

/* Begin PBXSourcesBuildPhase section */
		C824009C2D95C935004AE981 /* Sources */ = {
			isa = PBXSourcesBuildPhase;
			buildActionMask = 2147483647;
			files = (
				C85F82C02D961BD2008583F3 /* AuthSettings.swift in Sources */,
				C8BB14262D95D46500E3D1AF /* auraApp.swift in Sources */,
				C8BB14482D95DEB600E3D1AF /* ForgotPasswordView.swift in Sources */,
				C8BB14422D95DE7000E3D1AF /* MainView.swift in Sources */,
				C8BB14272D95D46500E3D1AF /* AuthViewModel.swift in Sources */,
				C8BB14282D95D46500E3D1AF /* RootView.swift in Sources */,
				C8BB14462D95DEA400E3D1AF /* SignUpView.swift in Sources */,
				C8BB14442D95DE9200E3D1AF /* SignInView.swift in Sources */,
			);
			runOnlyForDeploymentPostprocessing = 0;
		};
		C82400AE2D95C936004AE981 /* Sources */ = {
			isa = PBXSourcesBuildPhase;
			buildActionMask = 2147483647;
			files = (
			);
			runOnlyForDeploymentPostprocessing = 0;
		};
		C82400B82D95C936004AE981 /* Sources */ = {
			isa = PBXSourcesBuildPhase;
			buildActionMask = 2147483647;
			files = (
			);
			runOnlyForDeploymentPostprocessing = 0;
		};
/* End PBXSourcesBuildPhase section */

/* Begin PBXTargetDependency section */
		C82400B42D95C936004AE981 /* PBXTargetDependency */ = {
			isa = PBXTargetDependency;
			target = C824009F2D95C935004AE981 /* aura */;
			targetProxy = C82400B32D95C936004AE981 /* PBXContainerItemProxy */;
		};
		C82400BE2D95C936004AE981 /* PBXTargetDependency */ = {
			isa = PBXTargetDependency;
			target = C824009F2D95C935004AE981 /* aura */;
			targetProxy = C82400BD2D95C936004AE981 /* PBXContainerItemProxy */;
		};
/* End PBXTargetDependency section */

/* Begin XCBuildConfiguration section */
		C82400C42D95C936004AE981 /* Debug */ = {
			isa = XCBuildConfiguration;
			buildSettings = {
				ALWAYS_SEARCH_USER_PATHS = NO;
				ASSETCATALOG_COMPILER_GENERATE_SWIFT_ASSET_SYMBOL_EXTENSIONS = YES;
				CLANG_ANALYZER_NONNULL = YES;
				CLANG_ANALYZER_NUMBER_OBJECT_CONVERSION = YES_AGGRESSIVE;
				CLANG_CXX_LANGUAGE_STANDARD = "gnu++20";
				CLANG_ENABLE_MODULES = YES;
				CLANG_ENABLE_OBJC_ARC = YES;
				CLANG_ENABLE_OBJC_WEAK = YES;
				CLANG_WARN_BLOCK_CAPTURE_AUTORELEASING = YES;
				CLANG_WARN_BOOL_CONVERSION = YES;
				CLANG_WARN_COMMA = YES;
				CLANG_WARN_CONSTANT_CONVERSION = YES;
				CLANG_WARN_DEPRECATED_OBJC_IMPLEMENTATIONS = YES;
				CLANG_WARN_DIRECT_OBJC_ISA_USAGE = YES_ERROR;
				CLANG_WARN_DOCUMENTATION_COMMENTS = YES;
				CLANG_WARN_EMPTY_BODY = YES;
				CLANG_WARN_ENUM_CONVERSION = YES;
				CLANG_WARN_INFINITE_RECURSION = YES;
				CLANG_WARN_INT_CONVERSION = YES;
				CLANG_WARN_NON_LITERAL_NULL_CONVERSION = YES;
				CLANG_WARN_OBJC_IMPLICIT_RETAIN_SELF = YES;
				CLANG_WARN_OBJC_LITERAL_CONVERSION = YES;
				CLANG_WARN_OBJC_ROOT_CLASS = YES_ERROR;
				CLANG_WARN_QUOTED_INCLUDE_IN_FRAMEWORK_HEADER = YES;
				CLANG_WARN_RANGE_LOOP_ANALYSIS = YES;
				CLANG_WARN_STRICT_PROTOTYPES = YES;
				CLANG_WARN_SUSPICIOUS_MOVE = YES;
				CLANG_WARN_UNGUARDED_AVAILABILITY = YES_AGGRESSIVE;
				CLANG_WARN_UNREACHABLE_CODE = YES;
				CLANG_WARN__DUPLICATE_METHOD_MATCH = YES;
				COPY_PHASE_STRIP = NO;
				DEBUG_INFORMATION_FORMAT = dwarf;
				ENABLE_STRICT_OBJC_MSGSEND = YES;
				ENABLE_TESTABILITY = YES;
				ENABLE_USER_SCRIPT_SANDBOXING = YES;
				GCC_C_LANGUAGE_STANDARD = gnu17;
				GCC_DYNAMIC_NO_PIC = NO;
				GCC_NO_COMMON_BLOCKS = YES;
				GCC_OPTIMIZATION_LEVEL = 0;
				GCC_PREPROCESSOR_DEFINITIONS = (
					"DEBUG=1",
					"$(inherited)",
				);
				GCC_WARN_64_TO_32_BIT_CONVERSION = YES;
				GCC_WARN_ABOUT_RETURN_TYPE = YES_ERROR;
				GCC_WARN_UNDECLARED_SELECTOR = YES;
				GCC_WARN_UNINITIALIZED_AUTOS = YES_AGGRESSIVE;
				GCC_WARN_UNUSED_FUNCTION = YES;
				GCC_WARN_UNUSED_VARIABLE = YES;
				IPHONEOS_DEPLOYMENT_TARGET = 18.2;
				LOCALIZATION_PREFERS_STRING_CATALOGS = YES;
				MTL_ENABLE_DEBUG_INFO = INCLUDE_SOURCE;
				MTL_FAST_MATH = YES;
				ONLY_ACTIVE_ARCH = YES;
				SDKROOT = iphoneos;
				SWIFT_ACTIVE_COMPILATION_CONDITIONS = "DEBUG $(inherited)";
				SWIFT_OPTIMIZATION_LEVEL = "-Onone";
			};
			name = Debug;
		};
		C82400C52D95C936004AE981 /* Release */ = {
			isa = XCBuildConfiguration;
			buildSettings = {
				ALWAYS_SEARCH_USER_PATHS = NO;
				ASSETCATALOG_COMPILER_GENERATE_SWIFT_ASSET_SYMBOL_EXTENSIONS = YES;
				CLANG_ANALYZER_NONNULL = YES;
				CLANG_ANALYZER_NUMBER_OBJECT_CONVERSION = YES_AGGRESSIVE;
				CLANG_CXX_LANGUAGE_STANDARD = "gnu++20";
				CLANG_ENABLE_MODULES = YES;
				CLANG_ENABLE_OBJC_ARC = YES;
				CLANG_ENABLE_OBJC_WEAK = YES;
				CLANG_WARN_BLOCK_CAPTURE_AUTORELEASING = YES;
				CLANG_WARN_BOOL_CONVERSION = YES;
				CLANG_WARN_COMMA = YES;
				CLANG_WARN_CONSTANT_CONVERSION = YES;
				CLANG_WARN_DEPRECATED_OBJC_IMPLEMENTATIONS = YES;
				CLANG_WARN_DIRECT_OBJC_ISA_USAGE = YES_ERROR;
				CLANG_WARN_DOCUMENTATION_COMMENTS = YES;
				CLANG_WARN_EMPTY_BODY = YES;
				CLANG_WARN_ENUM_CONVERSION = YES;
				CLANG_WARN_INFINITE_RECURSION = YES;
				CLANG_WARN_INT_CONVERSION = YES;
				CLANG_WARN_NON_LITERAL_NULL_CONVERSION = YES;
				CLANG_WARN_OBJC_IMPLICIT_RETAIN_SELF = YES;
				CLANG_WARN_OBJC_LITERAL_CONVERSION = YES;
				CLANG_WARN_OBJC_ROOT_CLASS = YES_ERROR;
				CLANG_WARN_QUOTED_INCLUDE_IN_FRAMEWORK_HEADER = YES;
				CLANG_WARN_RANGE_LOOP_ANALYSIS = YES;
				CLANG_WARN_STRICT_PROTOTYPES = YES;
				CLANG_WARN_SUSPICIOUS_MOVE = YES;
				CLANG_WARN_UNGUARDED_AVAILABILITY = YES_AGGRESSIVE;
				CLANG_WARN_UNREACHABLE_CODE = YES;
				CLANG_WARN__DUPLICATE_METHOD_MATCH = YES;
				COPY_PHASE_STRIP = NO;
				DEBUG_INFORMATION_FORMAT = "dwarf-with-dsym";
				ENABLE_NS_ASSERTIONS = NO;
				ENABLE_STRICT_OBJC_MSGSEND = YES;
				ENABLE_USER_SCRIPT_SANDBOXING = YES;
				GCC_C_LANGUAGE_STANDARD = gnu17;
				GCC_NO_COMMON_BLOCKS = YES;
				GCC_WARN_64_TO_32_BIT_CONVERSION = YES;
				GCC_WARN_ABOUT_RETURN_TYPE = YES_ERROR;
				GCC_WARN_UNDECLARED_SELECTOR = YES;
				GCC_WARN_UNINITIALIZED_AUTOS = YES_AGGRESSIVE;
				GCC_WARN_UNUSED_FUNCTION = YES;
				GCC_WARN_UNUSED_VARIABLE = YES;
				IPHONEOS_DEPLOYMENT_TARGET = 18.2;
				LOCALIZATION_PREFERS_STRING_CATALOGS = YES;
				MTL_ENABLE_DEBUG_INFO = NO;
				MTL_FAST_MATH = YES;
				SDKROOT = iphoneos;
				SWIFT_COMPILATION_MODE = wholemodule;
				VALIDATE_PRODUCT = YES;
			};
			name = Release;
		};
		C82400C72D95C936004AE981 /* Debug */ = {
			isa = XCBuildConfiguration;
			buildSettings = {
				ASSETCATALOG_COMPILER_APPICON_NAME = AppIcon;
				ASSETCATALOG_COMPILER_GLOBAL_ACCENT_COLOR_NAME = AccentColor;
				CODE_SIGN_STYLE = Automatic;
				CURRENT_PROJECT_VERSION = 1;
				DEVELOPMENT_ASSET_PATHS = "\"aura/Preview Content\"";
				DEVELOPMENT_TEAM = H7C875HHS6;
				ENABLE_PREVIEWS = YES;
				GENERATE_INFOPLIST_FILE = YES;
				INFOPLIST_KEY_UIApplicationSceneManifest_Generation = YES;
				INFOPLIST_KEY_UIApplicationSupportsIndirectInputEvents = YES;
				INFOPLIST_KEY_UILaunchScreen_Generation = YES;
				INFOPLIST_KEY_UISupportedInterfaceOrientations_iPad = "UIInterfaceOrientationPortrait UIInterfaceOrientationPortraitUpsideDown UIInterfaceOrientationLandscapeLeft UIInterfaceOrientationLandscapeRight";
				INFOPLIST_KEY_UISupportedInterfaceOrientations_iPhone = "UIInterfaceOrientationPortrait UIInterfaceOrientationLandscapeLeft UIInterfaceOrientationLandscapeRight";
				LD_RUNPATH_SEARCH_PATHS = (
					"$(inherited)",
					"@executable_path/Frameworks",
				);
				MARKETING_VERSION = 1.0;
				PRODUCT_BUNDLE_IDENTIFIER = com.genesis.MHT.aura;
				PRODUCT_NAME = "$(TARGET_NAME)";
				SWIFT_EMIT_LOC_STRINGS = YES;
				SWIFT_VERSION = 5.0;
				TARGETED_DEVICE_FAMILY = "1,2";
			};
			name = Debug;
		};
		C82400C82D95C936004AE981 /* Release */ = {
			isa = XCBuildConfiguration;
			buildSettings = {
				ASSETCATALOG_COMPILER_APPICON_NAME = AppIcon;
				ASSETCATALOG_COMPILER_GLOBAL_ACCENT_COLOR_NAME = AccentColor;
				CODE_SIGN_STYLE = Automatic;
				CURRENT_PROJECT_VERSION = 1;
				DEVELOPMENT_ASSET_PATHS = "\"aura/Preview Content\"";
				DEVELOPMENT_TEAM = H7C875HHS6;
				ENABLE_PREVIEWS = YES;
				GENERATE_INFOPLIST_FILE = YES;
				INFOPLIST_KEY_UIApplicationSceneManifest_Generation = YES;
				INFOPLIST_KEY_UIApplicationSupportsIndirectInputEvents = YES;
				INFOPLIST_KEY_UILaunchScreen_Generation = YES;
				INFOPLIST_KEY_UISupportedInterfaceOrientations_iPad = "UIInterfaceOrientationPortrait UIInterfaceOrientationPortraitUpsideDown UIInterfaceOrientationLandscapeLeft UIInterfaceOrientationLandscapeRight";
				INFOPLIST_KEY_UISupportedInterfaceOrientations_iPhone = "UIInterfaceOrientationPortrait UIInterfaceOrientationLandscapeLeft UIInterfaceOrientationLandscapeRight";
				LD_RUNPATH_SEARCH_PATHS = (
					"$(inherited)",
					"@executable_path/Frameworks",
				);
				MARKETING_VERSION = 1.0;
				PRODUCT_BUNDLE_IDENTIFIER = com.genesis.MHT.aura;
				PRODUCT_NAME = "$(TARGET_NAME)";
				SWIFT_EMIT_LOC_STRINGS = YES;
				SWIFT_VERSION = 5.0;
				TARGETED_DEVICE_FAMILY = "1,2";
			};
			name = Release;
		};
		C82400CA2D95C936004AE981 /* Debug */ = {
			isa = XCBuildConfiguration;
			buildSettings = {
				BUNDLE_LOADER = "$(TEST_HOST)";
				CODE_SIGN_STYLE = Automatic;
				CURRENT_PROJECT_VERSION = 1;
				DEVELOPMENT_TEAM = H7C875HHS6;
				GENERATE_INFOPLIST_FILE = YES;
				IPHONEOS_DEPLOYMENT_TARGET = 18.2;
				MARKETING_VERSION = 1.0;
				PRODUCT_BUNDLE_IDENTIFIER = com.genesis.MHT.auraTests;
				PRODUCT_NAME = "$(TARGET_NAME)";
				SWIFT_EMIT_LOC_STRINGS = NO;
				SWIFT_VERSION = 5.0;
				TARGETED_DEVICE_FAMILY = "1,2";
				TEST_HOST = "$(BUILT_PRODUCTS_DIR)/aura.app/$(BUNDLE_EXECUTABLE_FOLDER_PATH)/aura";
			};
			name = Debug;
		};
		C82400CB2D95C936004AE981 /* Release */ = {
			isa = XCBuildConfiguration;
			buildSettings = {
				BUNDLE_LOADER = "$(TEST_HOST)";
				CODE_SIGN_STYLE = Automatic;
				CURRENT_PROJECT_VERSION = 1;
				DEVELOPMENT_TEAM = H7C875HHS6;
				GENERATE_INFOPLIST_FILE = YES;
				IPHONEOS_DEPLOYMENT_TARGET = 18.2;
				MARKETING_VERSION = 1.0;
				PRODUCT_BUNDLE_IDENTIFIER = com.genesis.MHT.auraTests;
				PRODUCT_NAME = "$(TARGET_NAME)";
				SWIFT_EMIT_LOC_STRINGS = NO;
				SWIFT_VERSION = 5.0;
				TARGETED_DEVICE_FAMILY = "1,2";
				TEST_HOST = "$(BUILT_PRODUCTS_DIR)/aura.app/$(BUNDLE_EXECUTABLE_FOLDER_PATH)/aura";
			};
			name = Release;
		};
		C82400CD2D95C936004AE981 /* Debug */ = {
			isa = XCBuildConfiguration;
			buildSettings = {
				CODE_SIGN_STYLE = Automatic;
				CURRENT_PROJECT_VERSION = 1;
				DEVELOPMENT_TEAM = H7C875HHS6;
				GENERATE_INFOPLIST_FILE = YES;
				MARKETING_VERSION = 1.0;
				PRODUCT_BUNDLE_IDENTIFIER = com.genesis.MHT.auraUITests;
				PRODUCT_NAME = "$(TARGET_NAME)";
				SWIFT_EMIT_LOC_STRINGS = NO;
				SWIFT_VERSION = 5.0;
				TARGETED_DEVICE_FAMILY = "1,2";
				TEST_TARGET_NAME = aura;
			};
			name = Debug;
		};
		C82400CE2D95C936004AE981 /* Release */ = {
			isa = XCBuildConfiguration;
			buildSettings = {
				CODE_SIGN_STYLE = Automatic;
				CURRENT_PROJECT_VERSION = 1;
				DEVELOPMENT_TEAM = H7C875HHS6;
				GENERATE_INFOPLIST_FILE = YES;
				MARKETING_VERSION = 1.0;
				PRODUCT_BUNDLE_IDENTIFIER = com.genesis.MHT.auraUITests;
				PRODUCT_NAME = "$(TARGET_NAME)";
				SWIFT_EMIT_LOC_STRINGS = NO;
				SWIFT_VERSION = 5.0;
				TARGETED_DEVICE_FAMILY = "1,2";
				TEST_TARGET_NAME = aura;
			};
			name = Release;
		};
/* End XCBuildConfiguration section */

/* Begin XCConfigurationList section */
		C824009B2D95C935004AE981 /* Build configuration list for PBXProject "aura" */ = {
			isa = XCConfigurationList;
			buildConfigurations = (
				C82400C42D95C936004AE981 /* Debug */,
				C82400C52D95C936004AE981 /* Release */,
			);
			defaultConfigurationIsVisible = 0;
			defaultConfigurationName = Release;
		};
		C82400C62D95C936004AE981 /* Build configuration list for PBXNativeTarget "aura" */ = {
			isa = XCConfigurationList;
			buildConfigurations = (
				C82400C72D95C936004AE981 /* Debug */,
				C82400C82D95C936004AE981 /* Release */,
			);
			defaultConfigurationIsVisible = 0;
			defaultConfigurationName = Release;
		};
		C82400C92D95C936004AE981 /* Build configuration list for PBXNativeTarget "auraTests" */ = {
			isa = XCConfigurationList;
			buildConfigurations = (
				C82400CA2D95C936004AE981 /* Debug */,
				C82400CB2D95C936004AE981 /* Release */,
			);
			defaultConfigurationIsVisible = 0;
			defaultConfigurationName = Release;
		};
		C82400CC2D95C936004AE981 /* Build configuration list for PBXNativeTarget "auraUITests" */ = {
			isa = XCConfigurationList;
			buildConfigurations = (
				C82400CD2D95C936004AE981 /* Debug */,
				C82400CE2D95C936004AE981 /* Release */,
			);
			defaultConfigurationIsVisible = 0;
			defaultConfigurationName = Release;
		};
/* End XCConfigurationList section */

/* Begin XCRemoteSwiftPackageReference section */
		C8DFCCB72D95D25A00F5D20C /* XCRemoteSwiftPackageReference "firebase-ios-sdk" */ = {
			isa = XCRemoteSwiftPackageReference;
			repositoryURL = "https://github.com/firebase/firebase-ios-sdk";
			requirement = {
				kind = upToNextMajorVersion;
				minimumVersion = 11.10.0;
			};
		};
/* End XCRemoteSwiftPackageReference section */

/* Begin XCSwiftPackageProductDependency section */
		C8DFCCB82D95D25A00F5D20C /* FirebaseAnalytics */ = {
			isa = XCSwiftPackageProductDependency;
			package = C8DFCCB72D95D25A00F5D20C /* XCRemoteSwiftPackageReference "firebase-ios-sdk" */;
			productName = FirebaseAnalytics;
		};
		C8DFCCBA2D95D25A00F5D20C /* FirebaseAnalyticsOnDeviceConversion */ = {
			isa = XCSwiftPackageProductDependency;
			package = C8DFCCB72D95D25A00F5D20C /* XCRemoteSwiftPackageReference "firebase-ios-sdk" */;
			productName = FirebaseAnalyticsOnDeviceConversion;
		};
		C8DFCCBC2D95D25A00F5D20C /* FirebaseAnalyticsWithoutAdIdSupport */ = {
			isa = XCSwiftPackageProductDependency;
			package = C8DFCCB72D95D25A00F5D20C /* XCRemoteSwiftPackageReference "firebase-ios-sdk" */;
			productName = FirebaseAnalyticsWithoutAdIdSupport;
		};
		C8DFCCBE2D95D25A00F5D20C /* FirebaseAppCheck */ = {
			isa = XCSwiftPackageProductDependency;
			package = C8DFCCB72D95D25A00F5D20C /* XCRemoteSwiftPackageReference "firebase-ios-sdk" */;
			productName = FirebaseAppCheck;
		};
		C8DFCCC02D95D25A00F5D20C /* FirebaseAppDistribution-Beta */ = {
			isa = XCSwiftPackageProductDependency;
			package = C8DFCCB72D95D25A00F5D20C /* XCRemoteSwiftPackageReference "firebase-ios-sdk" */;
			productName = "FirebaseAppDistribution-Beta";
		};
		C8DFCCC22D95D25A00F5D20C /* FirebaseAuth */ = {
			isa = XCSwiftPackageProductDependency;
			package = C8DFCCB72D95D25A00F5D20C /* XCRemoteSwiftPackageReference "firebase-ios-sdk" */;
			productName = FirebaseAuth;
		};
		C8DFCCC42D95D25A00F5D20C /* FirebaseAuthCombine-Community */ = {
			isa = XCSwiftPackageProductDependency;
			package = C8DFCCB72D95D25A00F5D20C /* XCRemoteSwiftPackageReference "firebase-ios-sdk" */;
			productName = "FirebaseAuthCombine-Community";
		};
		C8DFCCC62D95D25A00F5D20C /* FirebaseCore */ = {
			isa = XCSwiftPackageProductDependency;
			package = C8DFCCB72D95D25A00F5D20C /* XCRemoteSwiftPackageReference "firebase-ios-sdk" */;
			productName = FirebaseCore;
		};
		C8DFCCC82D95D25A00F5D20C /* FirebaseCrashlytics */ = {
			isa = XCSwiftPackageProductDependency;
			package = C8DFCCB72D95D25A00F5D20C /* XCRemoteSwiftPackageReference "firebase-ios-sdk" */;
			productName = FirebaseCrashlytics;
		};
		C8DFCCCA2D95D25A00F5D20C /* FirebaseDatabase */ = {
			isa = XCSwiftPackageProductDependency;
			package = C8DFCCB72D95D25A00F5D20C /* XCRemoteSwiftPackageReference "firebase-ios-sdk" */;
			productName = FirebaseDatabase;
		};
		C8DFCCCC2D95D25A00F5D20C /* FirebaseDynamicLinks */ = {
			isa = XCSwiftPackageProductDependency;
			package = C8DFCCB72D95D25A00F5D20C /* XCRemoteSwiftPackageReference "firebase-ios-sdk" */;
			productName = FirebaseDynamicLinks;
		};
		C8DFCCCE2D95D25A00F5D20C /* FirebaseFirestore */ = {
			isa = XCSwiftPackageProductDependency;
			package = C8DFCCB72D95D25A00F5D20C /* XCRemoteSwiftPackageReference "firebase-ios-sdk" */;
			productName = FirebaseFirestore;
		};
		C8DFCCD02D95D25A00F5D20C /* FirebaseFirestoreCombine-Community */ = {
			isa = XCSwiftPackageProductDependency;
			package = C8DFCCB72D95D25A00F5D20C /* XCRemoteSwiftPackageReference "firebase-ios-sdk" */;
			productName = "FirebaseFirestoreCombine-Community";
		};
		C8DFCCD22D95D25A00F5D20C /* FirebaseFunctions */ = {
			isa = XCSwiftPackageProductDependency;
			package = C8DFCCB72D95D25A00F5D20C /* XCRemoteSwiftPackageReference "firebase-ios-sdk" */;
			productName = FirebaseFunctions;
		};
		C8DFCCD42D95D25A00F5D20C /* FirebaseFunctionsCombine-Community */ = {
			isa = XCSwiftPackageProductDependency;
			package = C8DFCCB72D95D25A00F5D20C /* XCRemoteSwiftPackageReference "firebase-ios-sdk" */;
			productName = "FirebaseFunctionsCombine-Community";
		};
		C8DFCCD62D95D25A00F5D20C /* FirebaseInAppMessaging-Beta */ = {
			isa = XCSwiftPackageProductDependency;
			package = C8DFCCB72D95D25A00F5D20C /* XCRemoteSwiftPackageReference "firebase-ios-sdk" */;
			productName = "FirebaseInAppMessaging-Beta";
		};
		C8DFCCD82D95D25A00F5D20C /* FirebaseInstallations */ = {
			isa = XCSwiftPackageProductDependency;
			package = C8DFCCB72D95D25A00F5D20C /* XCRemoteSwiftPackageReference "firebase-ios-sdk" */;
			productName = FirebaseInstallations;
		};
		C8DFCCDA2D95D25A00F5D20C /* FirebaseMLModelDownloader */ = {
			isa = XCSwiftPackageProductDependency;
			package = C8DFCCB72D95D25A00F5D20C /* XCRemoteSwiftPackageReference "firebase-ios-sdk" */;
			productName = FirebaseMLModelDownloader;
		};
		C8DFCCDC2D95D25A00F5D20C /* FirebaseMessaging */ = {
			isa = XCSwiftPackageProductDependency;
			package = C8DFCCB72D95D25A00F5D20C /* XCRemoteSwiftPackageReference "firebase-ios-sdk" */;
			productName = FirebaseMessaging;
		};
		C8DFCCDE2D95D25A00F5D20C /* FirebasePerformance */ = {
			isa = XCSwiftPackageProductDependency;
			package = C8DFCCB72D95D25A00F5D20C /* XCRemoteSwiftPackageReference "firebase-ios-sdk" */;
			productName = FirebasePerformance;
		};
		C8DFCCE02D95D25A00F5D20C /* FirebaseRemoteConfig */ = {
			isa = XCSwiftPackageProductDependency;
			package = C8DFCCB72D95D25A00F5D20C /* XCRemoteSwiftPackageReference "firebase-ios-sdk" */;
			productName = FirebaseRemoteConfig;
		};
		C8DFCCE22D95D25A00F5D20C /* FirebaseStorage */ = {
			isa = XCSwiftPackageProductDependency;
			package = C8DFCCB72D95D25A00F5D20C /* XCRemoteSwiftPackageReference "firebase-ios-sdk" */;
			productName = FirebaseStorage;
		};
		C8DFCCE42D95D25A00F5D20C /* FirebaseStorageCombine-Community */ = {
			isa = XCSwiftPackageProductDependency;
			package = C8DFCCB72D95D25A00F5D20C /* XCRemoteSwiftPackageReference "firebase-ios-sdk" */;
			productName = "FirebaseStorageCombine-Community";
		};
		C8DFCCE62D95D25A00F5D20C /* FirebaseVertexAI */ = {
			isa = XCSwiftPackageProductDependency;
			package = C8DFCCB72D95D25A00F5D20C /* XCRemoteSwiftPackageReference "firebase-ios-sdk" */;
			productName = FirebaseVertexAI;
		};
/* End XCSwiftPackageProductDependency section */
	};
	rootObject = C82400982D95C935004AE981 /* Project object */;
}
